
Microsoft Visual Studio Solution File, Format Version 12.00
# Visual Studio Version 17
VisualStudioVersion = 17.14.36127.28
MinimumVisualStudioVersion = 10.0.40219.1
Project("{FAE04EC0-301F-11D3-BF4B-00C04F79EFBC}") = "Ibuy", "Ibuy\Ibuy.csproj", "{AFB075D6-261F-4678-85F9-8777C3724479}"
EndProject
Global
	GlobalSection(SolutionConfigurationPlatforms) = preSolution
		Debug|Any CPU = Debug|Any CPU
		Release|Any CPU = Release|Any CPU
	EndGlobalSection
	GlobalSection(ProjectConfigurationPlatforms) = postSolution
		{AFB075D6-261F-4678-85F9-8777C3724479}.Debug|Any CPU.ActiveCfg = Debug|Any CPU
		{AFB075D6-261F-4678-85F9-8777C3724479}.Debug|Any CPU.Build.0 = Debug|Any CPU
		{AFB075D6-261F-4678-85F9-8777C3724479}.Release|Any CPU.ActiveCfg = Release|Any CPU
		{AFB075D6-261F-4678-85F9-8777C3724479}.Release|Any CPU.Build.0 = Release|Any CPU
	EndGlobalSection
	GlobalSection(SolutionProperties) = preSolution
		HideSolutionNode = FALSE
	EndGlobalSection
	GlobalSection(ExtensibilityGlobals) = postSolution
		SolutionGuid = {B41911A7-B9C9-4327-9D59-CE97B4E38B50}
	EndGlobalSection
EndGlobal
